// !$*UTF8*$!
{
	archiveVersion = 1;
	classes = {
	};
	objectVersion = 56;
	objects = {

/* Begin PBXBuildFile section */
		6B6871ED2C0BA5F2003F096F /* XCUTestsApp.swift in Sources */ = {isa = PBXBuildFile; fileRef = 6B6871EC2C0BA5F2003F096F /* XCUTestsApp.swift */; };
		6B6871EF2C0BA5F2003F096F /* ContentView.swift in Sources */ = {isa = PBXBuildFile; fileRef = 6B6871EE2C0BA5F2003F096F /* ContentView.swift */; };
		6B6871F12C0BA5F3003F096F /* Assets.xcassets in Resources */ = {isa = PBXBuildFile; fileRef = 6B6871F02C0BA5F3003F096F /* Assets.xcassets */; };
		6B6871F42C0BA5F3003F096F /* Preview Assets.xcassets in Resources */ = {isa = PBXBuildFile; fileRef = 6B6871F32C0BA5F3003F096F /* Preview Assets.xcassets */; };
		6B6871FE2C0BA5F3003F096F /* XCUTestsTests.swift in Sources */ = {isa = PBXBuildFile; fileRef = 6B6871FD2C0BA5F3003F096F /* XCUTestsTests.swift */; };
		6B6872082C0BA5F3003F096F /* XCUTestsUITests.swift in Sources */ = {isa = PBXBuildFile; fileRef = 6B6872072C0BA5F3003F096F /* XCUTestsUITests.swift */; };
		6B68720A2C0BA5F3003F096F /* XCUTestsUITestsLaunchTests.swift in Sources */ = {isa = PBXBuildFile; fileRef = 6B6872092C0BA5F3003F096F /* XCUTestsUITestsLaunchTests.swift */; };
		6B6872172C0BA6A1003F096F /* README.md in Resources */ = {isa = PBXBuildFile; fileRef = 6B6872162C0BA6A1003F096F /* README.md */; };
/* End PBXBuildFile section */

/* Begin PBXContainerItemProxy section */
		6B6871FA2C0BA5F3003F096F /* PBXContainerItemProxy */ = {
			isa = PBXContainerItemProxy;
			containerPortal = 6B6871E12C0BA5F2003F096F /* Project object */;
			proxyType = 1;
			remoteGlobalIDString = 6B6871E82C0BA5F2003F096F;
			remoteInfo = XCUTests;
		};
		6B6872042C0BA5F3003F096F /* PBXContainerItemProxy */ = {
			isa = PBXContainerItemProxy;
			containerPortal = 6B6871E12C0BA5F2003F096F /* Project object */;
			proxyType = 1;
			remoteGlobalIDString = 6B6871E82C0BA5F2003F096F;
			remoteInfo = XCUTests;
		};
/* End PBXContainerItemProxy section */

/* Begin PBXFileReference section */
		6B6871E92C0BA5F2003F096F /* XCUTests.app */ = {isa = PBXFileReference; explicitFileType = wrapper.application; includeInIndex = 0; path = XCUTests.app; sourceTree = BUILT_PRODUCTS_DIR; };
		6B6871EC2C0BA5F2003F096F /* XCUTestsApp.swift */ = {isa = PBXFileReference; lastKnownFileType = sourcecode.swift; path = XCUTestsApp.swift; sourceTree = "<group>"; };
		6B6871EE2C0BA5F2003F096F /* ContentView.swift */ = {isa = PBXFileReference; lastKnownFileType = sourcecode.swift; path = ContentView.swift; sourceTree = "<group>"; };
		6B6871F02C0BA5F3003F096F /* Assets.xcassets */ = {isa = PBXFileReference; lastKnownFileType = folder.assetcatalog; path = Assets.xcassets; sourceTree = "<group>"; };
		6B6871F32C0BA5F3003F096F /* Preview Assets.xcassets */ = {isa = PBXFileReference; lastKnownFileType = folder.assetcatalog; path = "Preview Assets.xcassets"; sourceTree = "<group>"; };
		6B6871F92C0BA5F3003F096F /* XCUTestsTests.xctest */ = {isa = PBXFileReference; explicitFileType = wrapper.cfbundle; includeInIndex = 0; path = XCUTestsTests.xctest; sourceTree = BUILT_PRODUCTS_DIR; };
		6B6871FD2C0BA5F3003F096F /* XCUTestsTests.swift */ = {isa = PBXFileReference; lastKnownFileType = sourcecode.swift; path = XCUTestsTests.swift; sourceTree = "<group>"; };
		6B6872032C0BA5F3003F096F /* XCUTestsUITests.xctest */ = {isa = PBXFileReference; explicitFileType = wrapper.cfbundle; includeInIndex = 0; path = XCUTestsUITests.xctest; sourceTree = BUILT_PRODUCTS_DIR; };
		6B6872072C0BA5F3003F096F /* XCUTestsUITests.swift */ = {isa = PBXFileReference; lastKnownFileType = sourcecode.swift; path = XCUTestsUITests.swift; sourceTree = "<group>"; };
		6B6872092C0BA5F3003F096F /* XCUTestsUITestsLaunchTests.swift */ = {isa = PBXFileReference; lastKnownFileType = sourcecode.swift; path = XCUTestsUITestsLaunchTests.swift; sourceTree = "<group>"; };
		6B6872162C0BA6A1003F096F /* README.md */ = {isa = PBXFileReference; fileEncoding = 4; lastKnownFileType = net.daringfireball.markdown; path = README.md; sourceTree = "<group>"; };
/* End PBXFileReference section */

/* Begin PBXFrameworksBuildPhase section */
		6B6871E62C0BA5F2003F096F /* Frameworks */ = {
			isa = PBXFrameworksBuildPhase;
			buildActionMask = 2147483647;
			files = (
			);
			runOnlyForDeploymentPostprocessing = 0;
		};
		6B6871F62C0BA5F3003F096F /* Frameworks */ = {
			isa = PBXFrameworksBuildPhase;
			buildActionMask = 2147483647;
			files = (
			);
			runOnlyForDeploymentPostprocessing = 0;
		};
		6B6872002C0BA5F3003F096F /* Frameworks */ = {
			isa = PBXFrameworksBuildPhase;
			buildActionMask = 2147483647;
			files = (
			);
			runOnlyForDeploymentPostprocessing = 0;
		};
/* End PBXFrameworksBuildPhase section */

/* Begin PBXGroup section */
		6B6871E02C0BA5F2003F096F = {
			isa = PBXGroup;
			children = (
				6B6872162C0BA6A1003F096F /* README.md */,
				6B6871EB2C0BA5F2003F096F /* XCUTests */,
				6B6871FC2C0BA5F3003F096F /* XCUTestsTests */,
				6B6872062C0BA5F3003F096F /* XCUTestsUITests */,
				6B6871EA2C0BA5F2003F096F /* Products */,
			);
			sourceTree = "<group>";
		};
		6B6871EA2C0BA5F2003F096F /* Products */ = {
			isa = PBXGroup;
			children = (
				6B6871E92C0BA5F2003F096F /* XCUTests.app */,
				6B6871F92C0BA5F3003F096F /* XCUTestsTests.xctest */,
				6B6872032C0BA5F3003F096F /* XCUTestsUITests.xctest */,
			);
			name = Products;
			sourceTree = "<group>";
		};
		6B6871EB2C0BA5F2003F096F /* XCUTests */ = {
			isa = PBXGroup;
			children = (
				6B6871EC2C0BA5F2003F096F /* XCUTestsApp.swift */,
				6B6871EE2C0BA5F2003F096F /* ContentView.swift */,
				6B6871F02C0BA5F3003F096F /* Assets.xcassets */,
				6B6871F22C0BA5F3003F096F /* Preview Content */,
			);
			path = XCUTests;
			sourceTree = "<group>";
		};
		6B6871F22C0BA5F3003F096F /* Preview Content */ = {
			isa = PBXGroup;
			children = (
				6B6871F32C0BA5F3003F096F /* Preview Assets.xcassets */,
			);
			path = "Preview Content";
			sourceTree = "<group>";
		};
		6B6871FC2C0BA5F3003F096F /* XCUTestsTests */ = {
			isa = PBXGroup;
			children = (
				6B6871FD2C0BA5F3003F096F /* XCUTestsTests.swift */,
			);
			path = XCUTestsTests;
			sourceTree = "<group>";
		};
		6B6872062C0BA5F3003F096F /* XCUTestsUITests */ = {
			isa = PBXGroup;
			children = (
				6B6872072C0BA5F3003F096F /* XCUTestsUITests.swift */,
				6B6872092C0BA5F3003F096F /* XCUTestsUITestsLaunchTests.swift */,
			);
			path = XCUTestsUITests;
			sourceTree = "<group>";
		};
/* End PBXGroup section */

/* Begin PBXNativeTarget section */
		6B6871E82C0BA5F2003F096F /* XCUTests */ = {
			isa = PBXNativeTarget;
			buildConfigurationList = 6B68720D2C0BA5F3003F096F /* Build configuration list for PBXNativeTarget "XCUTests" */;
			buildPhases = (
				6B6871E52C0BA5F2003F096F /* Sources */,
				6B6871E62C0BA5F2003F096F /* Frameworks */,
				6B6871E72C0BA5F2003F096F /* Resources */,
			);
			buildRules = (
			);
			dependencies = (
			);
			name = XCUTests;
			productName = XCUTests;
			productReference = 6B6871E92C0BA5F2003F096F /* XCUTests.app */;
			productType = "com.apple.product-type.application";
		};
		6B6871F82C0BA5F3003F096F /* XCUTestsTests */ = {
			isa = PBXNativeTarget;
			buildConfigurationList = 6B6872102C0BA5F3003F096F /* Build configuration list for PBXNativeTarget "XCUTestsTests" */;
			buildPhases = (
				6B6871F52C0BA5F3003F096F /* Sources */,
				6B6871F62C0BA5F3003F096F /* Frameworks */,
				6B6871F72C0BA5F3003F096F /* Resources */,
			);
			buildRules = (
			);
			dependencies = (
				6B6871FB2C0BA5F3003F096F /* PBXTargetDependency */,
			);
			name = XCUTestsTests;
			productName = XCUTestsTests;
			productReference = 6B6871F92C0BA5F3003F096F /* XCUTestsTests.xctest */;
			productType = "com.apple.product-type.bundle.unit-test";
		};
		6B6872022C0BA5F3003F096F /* XCUTestsUITests */ = {
			isa = PBXNativeTarget;
			buildConfigurationList = 6B6872132C0BA5F3003F096F /* Build configuration list for PBXNativeTarget "XCUTestsUITests" */;
			buildPhases = (
				6B6871FF2C0BA5F3003F096F /* Sources */,
				6B6872002C0BA5F3003F096F /* Frameworks */,
				6B6872012C0BA5F3003F096F /* Resources */,
			);
			buildRules = (
			);
			dependencies = (
				6B6872052C0BA5F3003F096F /* PBXTargetDependency */,
			);
			name = XCUTestsUITests;
			productName = XCUTestsUITests;
			productReference = 6B6872032C0BA5F3003F096F /* XCUTestsUITests.xctest */;
			productType = "com.apple.product-type.bundle.ui-testing";
		};
/* End PBXNativeTarget section */

/* Begin PBXProject section */
		6B6871E12C0BA5F2003F096F /* Project object */ = {
			isa = PBXProject;
			attributes = {
				BuildIndependentTargetsInParallel = 1;
				LastSwiftUpdateCheck = 1540;
				LastUpgradeCheck = 1540;
				TargetAttributes = {
					6B6871E82C0BA5F2003F096F = {
						CreatedOnToolsVersion = 15.4;
					};
					6B6871F82C0BA5F3003F096F = {
						CreatedOnToolsVersion = 15.4;
						TestTargetID = 6B6871E82C0BA5F2003F096F;
					};
					6B6872022C0BA5F3003F096F = {
						CreatedOnToolsVersion = 15.4;
						TestTargetID = 6B6871E82C0BA5F2003F096F;
					};
				};
			};
			buildConfigurationList = 6B6871E42C0BA5F2003F096F /* Build configuration list for PBXProject "XCUTests" */;
			compatibilityVersion = "Xcode 14.0";
			developmentRegion = en;
			hasScannedForEncodings = 0;
			knownRegions = (
				en,
				Base,
			);
			mainGroup = 6B6871E02C0BA5F2003F096F;
			productRefGroup = 6B6871EA2C0BA5F2003F096F /* Products */;
			projectDirPath = "";
			projectRoot = "";
			targets = (
				6B6871E82C0BA5F2003F096F /* XCUTests */,
				6B6871F82C0BA5F3003F096F /* XCUTestsTests */,
				6B6872022C0BA5F3003F096F /* XCUTestsUITests */,
			);
		};
/* End PBXProject section */

/* Begin PBXResourcesBuildPhase section */
		6B6871E72C0BA5F2003F096F /* Resources */ = {
			isa = PBXResourcesBuildPhase;
			buildActionMask = 2147483647;
			files = (
				6B6872172C0BA6A1003F096F /* README.md in Resources */,
				6B6871F42C0BA5F3003F096F /* Preview Assets.xcassets in Resources */,
				6B6871F12C0BA5F3003F096F /* Assets.xcassets in Resources */,
			);
			runOnlyForDeploymentPostprocessing = 0;
		};
		6B6871F72C0BA5F3003F096F /* Resources */ = {
			isa = PBXResourcesBuildPhase;
			buildActionMask = 2147483647;
			files = (
			);
			runOnlyForDeploymentPostprocessing = 0;
		};
		6B6872012C0BA5F3003F096F /* Resources */ = {
			isa = PBXResourcesBuildPhase;
			buildActionMask = 2147483647;
			files = (
			);
			runOnlyForDeploymentPostprocessing = 0;
		};
/* End PBXResourcesBuildPhase section */

/* Begin PBXSourcesBuildPhase section */
		6B6871E52C0BA5F2003F096F /* Sources */ = {
			isa = PBXSourcesBuildPhase;
			buildActionMask = 2147483647;
			files = (
				6B6871EF2C0BA5F2003F096F /* ContentView.swift in Sources */,
				6B6871ED2C0BA5F2003F096F /* XCUTestsApp.swift in Sources */,
			);
			runOnlyForDeploymentPostprocessing = 0;
		};
		6B6871F52C0BA5F3003F096F /* Sources */ = {
			isa = PBXSourcesBuildPhase;
			buildActionMask = 2147483647;
			files = (
				6B6871FE2C0BA5F3003F096F /* XCUTestsTests.swift in Sources */,
			);
			runOnlyForDeploymentPostprocessing = 0;
		};
		6B6871FF2C0BA5F3003F096F /* Sources */ = {
			isa = PBXSourcesBuildPhase;
			buildActionMask = 2147483647;
			files = (
				6B68720A2C0BA5F3003F096F /* XCUTestsUITestsLaunchTests.swift in Sources */,
				6B6872082C0BA5F3003F096F /* XCUTestsUITests.swift in Sources */,
			);
			runOnlyForDeploymentPostprocessing = 0;
		};
/* End PBXSourcesBuildPhase section */

/* Begin PBXTargetDependency section */
		6B6871FB2C0BA5F3003F096F /* PBXTargetDependency */ = {
			isa = PBXTargetDependency;
			target = 6B6871E82C0BA5F2003F096F /* XCUTests */;
			targetProxy = 6B6871FA2C0BA5F3003F096F /* PBXContainerItemProxy */;
		};
		6B6872052C0BA5F3003F096F /* PBXTargetDependency */ = {
			isa = PBXTargetDependency;
			target = 6B6871E82C0BA5F2003F096F /* XCUTests */;
			targetProxy = 6B6872042C0BA5F3003F096F /* PBXContainerItemProxy */;
		};
/* End PBXTargetDependency section */

/* Begin XCBuildConfiguration section */
		6B68720B2C0BA5F3003F096F /* Debug */ = {
			isa = XCBuildConfiguration;
			buildSettings = {
				ALWAYS_SEARCH_USER_PATHS = NO;
				ASSETCATALOG_COMPILER_GENERATE_SWIFT_ASSET_SYMBOL_EXTENSIONS = YES;
				CLANG_ANALYZER_NONNULL = YES;
				CLANG_ANALYZER_NUMBER_OBJECT_CONVERSION = YES_AGGRESSIVE;
				CLANG_CXX_LANGUAGE_STANDARD = "gnu++20";
				CLANG_ENABLE_MODULES = YES;
				CLANG_ENABLE_OBJC_ARC = YES;
				CLANG_ENABLE_OBJC_WEAK = YES;
				CLANG_WARN_BLOCK_CAPTURE_AUTORELEASING = YES;
				CLANG_WARN_BOOL_CONVERSION = YES;
				CLANG_WARN_COMMA = YES;
				CLANG_WARN_CONSTANT_CONVERSION = YES;
				CLANG_WARN_DEPRECATED_OBJC_IMPLEMENTATIONS = YES;
				CLANG_WARN_DIRECT_OBJC_ISA_USAGE = YES_ERROR;
				CLANG_WARN_DOCUMENTATION_COMMENTS = YES;
				CLANG_WARN_EMPTY_BODY = YES;
				CLANG_WARN_ENUM_CONVERSION = YES;
				CLANG_WARN_INFINITE_RECURSION = YES;
				CLANG_WARN_INT_CONVERSION = YES;
				CLANG_WARN_NON_LITERAL_NULL_CONVERSION = YES;
				CLANG_WARN_OBJC_IMPLICIT_RETAIN_SELF = YES;
				CLANG_WARN_OBJC_LITERAL_CONVERSION = YES;
				CLANG_WARN_OBJC_ROOT_CLASS = YES_ERROR;
				CLANG_WARN_QUOTED_INCLUDE_IN_FRAMEWORK_HEADER = YES;
				CLANG_WARN_RANGE_LOOP_ANALYSIS = YES;
				CLANG_WARN_STRICT_PROTOTYPES = YES;
				CLANG_WARN_SUSPICIOUS_MOVE = YES;
				CLANG_WARN_UNGUARDED_AVAILABILITY = YES_AGGRESSIVE;
				CLANG_WARN_UNREACHABLE_CODE = YES;
				CLANG_WARN__DUPLICATE_METHOD_MATCH = YES;
				COPY_PHASE_STRIP = NO;
				DEBUG_INFORMATION_FORMAT = dwarf;
				ENABLE_STRICT_OBJC_MSGSEND = YES;
				ENABLE_TESTABILITY = YES;
				ENABLE_USER_SCRIPT_SANDBOXING = YES;
				GCC_C_LANGUAGE_STANDARD = gnu17;
				GCC_DYNAMIC_NO_PIC = NO;
				GCC_NO_COMMON_BLOCKS = YES;
				GCC_OPTIMIZATION_LEVEL = 0;
				GCC_PREPROCESSOR_DEFINITIONS = (
					"DEBUG=1",
					"$(inherited)",
				);
				GCC_WARN_64_TO_32_BIT_CONVERSION = YES;
				GCC_WARN_ABOUT_RETURN_TYPE = YES_ERROR;
				GCC_WARN_UNDECLARED_SELECTOR = YES;
				GCC_WARN_UNINITIALIZED_AUTOS = YES_AGGRESSIVE;
				GCC_WARN_UNUSED_FUNCTION = YES;
				GCC_WARN_UNUSED_VARIABLE = YES;
				IPHONEOS_DEPLOYMENT_TARGET = 17.5;
				LOCALIZATION_PREFERS_STRING_CATALOGS = YES;
				MTL_ENABLE_DEBUG_INFO = INCLUDE_SOURCE;
				MTL_FAST_MATH = YES;
				ONLY_ACTIVE_ARCH = YES;
				SDKROOT = iphoneos;
				SWIFT_ACTIVE_COMPILATION_CONDITIONS = "DEBUG $(inherited)";
				SWIFT_OPTIMIZATION_LEVEL = "-Onone";
			};
			name = Debug;
		};
		6B68720C2C0BA5F3003F096F /* Release */ = {
			isa = XCBuildConfiguration;
			buildSettings = {
				ALWAYS_SEARCH_USER_PATHS = NO;
				ASSETCATALOG_COMPILER_GENERATE_SWIFT_ASSET_SYMBOL_EXTENSIONS = YES;
				CLANG_ANALYZER_NONNULL = YES;
				CLANG_ANALYZER_NUMBER_OBJECT_CONVERSION = YES_AGGRESSIVE;
				CLANG_CXX_LANGUAGE_STANDARD = "gnu++20";
				CLANG_ENABLE_MODULES = YES;
				CLANG_ENABLE_OBJC_ARC = YES;
				CLANG_ENABLE_OBJC_WEAK = YES;
				CLANG_WARN_BLOCK_CAPTURE_AUTORELEASING = YES;
				CLANG_WARN_BOOL_CONVERSION = YES;
				CLANG_WARN_COMMA = YES;
				CLANG_WARN_CONSTANT_CONVERSION = YES;
				CLANG_WARN_DEPRECATED_OBJC_IMPLEMENTATIONS = YES;
				CLANG_WARN_DIRECT_OBJC_ISA_USAGE = YES_ERROR;
				CLANG_WARN_DOCUMENTATION_COMMENTS = YES;
				CLANG_WARN_EMPTY_BODY = YES;
				CLANG_WARN_ENUM_CONVERSION = YES;
				CLANG_WARN_INFINITE_RECURSION = YES;
				CLANG_WARN_INT_CONVERSION = YES;
				CLANG_WARN_NON_LITERAL_NULL_CONVERSION = YES;
				CLANG_WARN_OBJC_IMPLICIT_RETAIN_SELF = YES;
				CLANG_WARN_OBJC_LITERAL_CONVERSION = YES;
				CLANG_WARN_OBJC_ROOT_CLASS = YES_ERROR;
				CLANG_WARN_QUOTED_INCLUDE_IN_FRAMEWORK_HEADER = YES;
				CLANG_WARN_RANGE_LOOP_ANALYSIS = YES;
				CLANG_WARN_STRICT_PROTOTYPES = YES;
				CLANG_WARN_SUSPICIOUS_MOVE = YES;
				CLANG_WARN_UNGUARDED_AVAILABILITY = YES_AGGRESSIVE;
				CLANG_WARN_UNREACHABLE_CODE = YES;
				CLANG_WARN__DUPLICATE_METHOD_MATCH = YES;
				COPY_PHASE_STRIP = NO;
				DEBUG_INFORMATION_FORMAT = "dwarf-with-dsym";
				ENABLE_NS_ASSERTIONS = NO;
				ENABLE_STRICT_OBJC_MSGSEND = YES;
				ENABLE_USER_SCRIPT_SANDBOXING = YES;
				GCC_C_LANGUAGE_STANDARD = gnu17;
				GCC_NO_COMMON_BLOCKS = YES;
				GCC_WARN_64_TO_32_BIT_CONVERSION = YES;
				GCC_WARN_ABOUT_RETURN_TYPE = YES_ERROR;
				GCC_WARN_UNDECLARED_SELECTOR = YES;
				GCC_WARN_UNINITIALIZED_AUTOS = YES_AGGRESSIVE;
				GCC_WARN_UNUSED_FUNCTION = YES;
				GCC_WARN_UNUSED_VARIABLE = YES;
				IPHONEOS_DEPLOYMENT_TARGET = 17.5;
				LOCALIZATION_PREFERS_STRING_CATALOGS = YES;
				MTL_ENABLE_DEBUG_INFO = NO;
				MTL_FAST_MATH = YES;
				SDKROOT = iphoneos;
				SWIFT_COMPILATION_MODE = wholemodule;
				VALIDATE_PRODUCT = YES;
			};
			name = Release;
		};
		6B68720E2C0BA5F3003F096F /* Debug */ = {
			isa = XCBuildConfiguration;
			buildSettings = {
				ASSETCATALOG_COMPILER_APPICON_NAME = AppIcon;
				ASSETCATALOG_COMPILER_GLOBAL_ACCENT_COLOR_NAME = AccentColor;
				CODE_SIGN_STYLE = Automatic;
				CURRENT_PROJECT_VERSION = 1;
				DEVELOPMENT_ASSET_PATHS = "\"XCUTests/Preview Content\"";
				DEVELOPMENT_TEAM = 3LU756Z7J5;
				ENABLE_PREVIEWS = YES;
				GENERATE_INFOPLIST_FILE = YES;
				INFOPLIST_KEY_UIApplicationSceneManifest_Generation = YES;
				INFOPLIST_KEY_UIApplicationSupportsIndirectInputEvents = YES;
				INFOPLIST_KEY_UILaunchScreen_Generation = YES;
				INFOPLIST_KEY_UISupportedInterfaceOrientations_iPad = "UIInterfaceOrientationPortrait UIInterfaceOrientationPortraitUpsideDown UIInterfaceOrientationLandscapeLeft UIInterfaceOrientationLandscapeRight";
				INFOPLIST_KEY_UISupportedInterfaceOrientations_iPhone = "UIInterfaceOrientationPortrait UIInterfaceOrientationLandscapeLeft UIInterfaceOrientationLandscapeRight";
				LD_RUNPATH_SEARCH_PATHS = (
					"$(inherited)",
					"@executable_path/Frameworks",
				);
				MARKETING_VERSION = 1.0;
				PRODUCT_BUNDLE_IDENTIFIER = com.maziarlayeghkar.XCUTests;
				PRODUCT_NAME = "$(TARGET_NAME)";
				SWIFT_EMIT_LOC_STRINGS = YES;
				SWIFT_VERSION = 5.0;
				TARGETED_DEVICE_FAMILY = "1,2";
			};
			name = Debug;
		};
		6B68720F2C0BA5F3003F096F /* Release */ = {
			isa = XCBuildConfiguration;
			buildSettings = {
				ASSETCATALOG_COMPILER_APPICON_NAME = AppIcon;
				ASSETCATALOG_COMPILER_GLOBAL_ACCENT_COLOR_NAME = AccentColor;
				CODE_SIGN_STYLE = Automatic;
				CURRENT_PROJECT_VERSION = 1;
				DEVELOPMENT_ASSET_PATHS = "\"XCUTests/Preview Content\"";
				DEVELOPMENT_TEAM = 3LU756Z7J5;
				ENABLE_PREVIEWS = YES;
				GENERATE_INFOPLIST_FILE = YES;
				INFOPLIST_KEY_UIApplicationSceneManifest_Generation = YES;
				INFOPLIST_KEY_UIApplicationSupportsIndirectInputEvents = YES;
				INFOPLIST_KEY_UILaunchScreen_Generation = YES;
				INFOPLIST_KEY_UISupportedInterfaceOrientations_iPad = "UIInterfaceOrientationPortrait UIInterfaceOrientationPortraitUpsideDown UIInterfaceOrientationLandscapeLeft UIInterfaceOrientationLandscapeRight";
				INFOPLIST_KEY_UISupportedInterfaceOrientations_iPhone = "UIInterfaceOrientationPortrait UIInterfaceOrientationLandscapeLeft UIInterfaceOrientationLandscapeRight";
				LD_RUNPATH_SEARCH_PATHS = (
					"$(inherited)",
					"@executable_path/Frameworks",
				);
				MARKETING_VERSION = 1.0;
				PRODUCT_BUNDLE_IDENTIFIER = com.maziarlayeghkar.XCUTests;
				PRODUCT_NAME = "$(TARGET_NAME)";
				SWIFT_EMIT_LOC_STRINGS = YES;
				SWIFT_VERSION = 5.0;
				TARGETED_DEVICE_FAMILY = "1,2";
			};
			name = Release;
		};
		6B6872112C0BA5F3003F096F /* Debug */ = {
			isa = XCBuildConfiguration;
			buildSettings = {
				ALWAYS_EMBED_SWIFT_STANDARD_LIBRARIES = YES;
				BUNDLE_LOADER = "$(TEST_HOST)";
				CODE_SIGN_STYLE = Automatic;
				CURRENT_PROJECT_VERSION = 1;
				DEVELOPMENT_TEAM = 3LU756Z7J5;
				GENERATE_INFOPLIST_FILE = YES;
				IPHONEOS_DEPLOYMENT_TARGET = 17.5;
				MARKETING_VERSION = 1.0;
				PRODUCT_BUNDLE_IDENTIFIER = com.maziarlayeghkar.XCUTestsTests;
				PRODUCT_NAME = "$(TARGET_NAME)";
				SWIFT_EMIT_LOC_STRINGS = NO;
				SWIFT_VERSION = 5.0;
				TARGETED_DEVICE_FAMILY = "1,2";
				TEST_HOST = "$(BUILT_PRODUCTS_DIR)/XCUTests.app/$(BUNDLE_EXECUTABLE_FOLDER_PATH)/XCUTests";
			};
			name = Debug;
		};
		6B6872122C0BA5F3003F096F /* Release */ = {
			isa = XCBuildConfiguration;
			buildSettings = {
				ALWAYS_EMBED_SWIFT_STANDARD_LIBRARIES = YES;
				BUNDLE_LOADER = "$(TEST_HOST)";
				CODE_SIGN_STYLE = Automatic;
				CURRENT_PROJECT_VERSION = 1;
				DEVELOPMENT_TEAM = 3LU756Z7J5;
				GENERATE_INFOPLIST_FILE = YES;
				IPHONEOS_DEPLOYMENT_TARGET = 17.5;
				MARKETING_VERSION = 1.0;
				PRODUCT_BUNDLE_IDENTIFIER = com.maziarlayeghkar.XCUTestsTests;
				PRODUCT_NAME = "$(TARGET_NAME)";
				SWIFT_EMIT_LOC_STRINGS = NO;
				SWIFT_VERSION = 5.0;
				TARGETED_DEVICE_FAMILY = "1,2";
				TEST_HOST = "$(BUILT_PRODUCTS_DIR)/XCUTests.app/$(BUNDLE_EXECUTABLE_FOLDER_PATH)/XCUTests";
			};
			name = Release;
		};
		6B6872142C0BA5F3003F096F /* Debug */ = {
			isa = XCBuildConfiguration;
			buildSettings = {
				ALWAYS_EMBED_SWIFT_STANDARD_LIBRARIES = YES;
				CODE_SIGN_STYLE = Automatic;
				CURRENT_PROJECT_VERSION = 1;
				DEVELOPMENT_TEAM = 3LU756Z7J5;
				GENERATE_INFOPLIST_FILE = YES;
				MARKETING_VERSION = 1.0;
				PRODUCT_BUNDLE_IDENTIFIER = com.maziarlayeghkar.XCUTestsUITests;
				PRODUCT_NAME = "$(TARGET_NAME)";
				SWIFT_EMIT_LOC_STRINGS = NO;
				SWIFT_VERSION = 5.0;
				TARGETED_DEVICE_FAMILY = "1,2";
				TEST_TARGET_NAME = XCUTests;
			};
			name = Debug;
		};
		6B6872152C0BA5F3003F096F /* Release */ = {
			isa = XCBuildConfiguration;
			buildSettings = {
				ALWAYS_EMBED_SWIFT_STANDARD_LIBRARIES = YES;
				CODE_SIGN_STYLE = Automatic;
				CURRENT_PROJECT_VERSION = 1;
				DEVELOPMENT_TEAM = 3LU756Z7J5;
				GENERATE_INFOPLIST_FILE = YES;
				MARKETING_VERSION = 1.0;
				PRODUCT_BUNDLE_IDENTIFIER = com.maziarlayeghkar.XCUTestsUITests;
				PRODUCT_NAME = "$(TARGET_NAME)";
				SWIFT_EMIT_LOC_STRINGS = NO;
				SWIFT_VERSION = 5.0;
				TARGETED_DEVICE_FAMILY = "1,2";
				TEST_TARGET_NAME = XCUTests;
			};
			name = Release;
		};
/* End XCBuildConfiguration section */

/* Begin XCConfigurationList section */
		6B6871E42C0BA5F2003F096F /* Build configuration list for PBXProject "XCUTests" */ = {
			isa = XCConfigurationList;
			buildConfigurations = (
				6B68720B2C0BA5F3003F096F /* Debug */,
				6B68720C2C0BA5F3003F096F /* Release */,
			);
			defaultConfigurationIsVisible = 0;
			defaultConfigurationName = Release;
		};
		6B68720D2C0BA5F3003F096F /* Build configuration list for PBXNativeTarget "XCUTests" */ = {
			isa = XCConfigurationList;
			buildConfigurations = (
				6B68720E2C0BA5F3003F096F /* Debug */,
				6B68720F2C0BA5F3003F096F /* Release */,
			);
			defaultConfigurationIsVisible = 0;
			defaultConfigurationName = Release;
		};
		6B6872102C0BA5F3003F096F /* Build configuration list for PBXNativeTarget "XCUTestsTests" */ = {
			isa = XCConfigurationList;
			buildConfigurations = (
				6B6872112C0BA5F3003F096F /* Debug */,
				6B6872122C0BA5F3003F096F /* Release */,
			);
			defaultConfigurationIsVisible = 0;
			defaultConfigurationName = Release;
		};
		6B6872132C0BA5F3003F096F /* Build configuration list for PBXNativeTarget "XCUTestsUITests" */ = {
			isa = XCConfigurationList;
			buildConfigurations = (
				6B6872142C0BA5F3003F096F /* Debug */,
				6B6872152C0BA5F3003F096F /* Release */,
			);
			defaultConfigurationIsVisible = 0;
			defaultConfigurationName = Release;
		};
/* End XCConfigurationList section */
	};
	rootObject = 6B6871E12C0BA5F2003F096F /* Project object */;
}
